
Microsoft Visual Studio Solution File, Format Version 12.00
# Visual Studio Version 17
VisualStudioVersion = 17.10.34902.84
MinimumVisualStudioVersion = 10.0.40219.1
Project("{9A19103F-16F7-4668-BE54-9A1E7A4F7556}") = "MSLearnBlazingPizza", "BlazorBlazingPizza\MSLearnBlazingPizza.csproj", "{8206EA22-3BAD-408A-9833-3B5118F89BA0}"
EndProject
Project("{9A19103F-16F7-4668-BE54-9A1E7A4F7556}") = "MSLearnSignalRMessenger", "BlazorSignalRMessenger\MSLearnSignalRMessenger.csproj", "{65803CC3-DEB7-4935-B2AA-EA631FC74D00}"
EndProject
Global
	GlobalSection(SolutionConfigurationPlatforms) = preSolution
		Debug|Any CPU = Debug|Any CPU
		Release|Any CPU = Release|Any CPU
	EndGlobalSection
	GlobalSection(ProjectConfigurationPlatforms) = postSolution
		{8206EA22-3BAD-408A-9833-3B5118F89BA0}.Debug|Any CPU.ActiveCfg = Debug|Any CPU
		{8206EA22-3BAD-408A-9833-3B5118F89BA0}.Debug|Any CPU.Build.0 = Debug|Any CPU
		{8206EA22-3BAD-408A-9833-3B5118F89BA0}.Release|Any CPU.ActiveCfg = Release|Any CPU
		{8206EA22-3BAD-408A-9833-3B5118F89BA0}.Release|Any CPU.Build.0 = Release|Any CPU
		{65803CC3-DEB7-4935-B2AA-EA631FC74D00}.Debug|Any CPU.ActiveCfg = Debug|Any CPU
		{65803CC3-DEB7-4935-B2AA-EA631FC74D00}.Debug|Any CPU.Build.0 = Debug|Any CPU
		{65803CC3-DEB7-4935-B2AA-EA631FC74D00}.Release|Any CPU.ActiveCfg = Release|Any CPU
		{65803CC3-DEB7-4935-B2AA-EA631FC74D00}.Release|Any CPU.Build.0 = Release|Any CPU
	EndGlobalSection
	GlobalSection(SolutionProperties) = preSolution
		HideSolutionNode = FALSE
	EndGlobalSection
	GlobalSection(ExtensibilityGlobals) = postSolution
		SolutionGuid = {C52FB38C-4524-4EF9-AD27-286B0D01101D}
	EndGlobalSection
EndGlobal
