
Microsoft Visual Studio Solution File, Format Version 12.00
# Visual Studio Version 17
VisualStudioVersion = 17.9.34203.221
MinimumVisualStudioVersion = 10.0.40219.1
Project("{9A19103F-16F7-4668-BE54-9A1E7A4F7556}") = "BlazorBlazingPizza", "BlazorBlazingPizza.csproj", "{DA65D14D-15F2-49F9-A847-BF72A19CB888}"
EndProject
Global
	GlobalSection(SolutionConfigurationPlatforms) = preSolution
		Debug|Any CPU = Debug|Any CPU
		Release|Any CPU = Release|Any CPU
	EndGlobalSection
	GlobalSection(ProjectConfigurationPlatforms) = postSolution
		{DA65D14D-15F2-49F9-A847-BF72A19CB888}.Debug|Any CPU.ActiveCfg = Debug|Any CPU
		{DA65D14D-15F2-49F9-A847-BF72A19CB888}.Debug|Any CPU.Build.0 = Debug|Any CPU
		{DA65D14D-15F2-49F9-A847-BF72A19CB888}.Release|Any CPU.ActiveCfg = Release|Any CPU
		{DA65D14D-15F2-49F9-A847-BF72A19CB888}.Release|Any CPU.Build.0 = Release|Any CPU
	EndGlobalSection
	GlobalSection(SolutionProperties) = preSolution
		HideSolutionNode = FALSE
	EndGlobalSection
	GlobalSection(ExtensibilityGlobals) = postSolution
		SolutionGuid = {8B7E3E79-7A82-417B-9A75-DD4E06B45479}
	EndGlobalSection
EndGlobal
