
Microsoft Visual Studio Solution File, Format Version 12.00
# Visual Studio Version 17
VisualStudioVersion = 17.10.34902.84
MinimumVisualStudioVersion = 10.0.40219.1
Project("{FAE04EC0-301F-11D3-BF4B-00C04F79EFBC}") = "BlazorInteractiveAuto", "BlazorInteractiveAuto\BlazorInteractiveAuto\BlazorInteractiveAuto.csproj", "{12A91160-41BF-4997-BD08-0544382A216E}"
EndProject
Project("{FAE04EC0-301F-11D3-BF4B-00C04F79EFBC}") = "BlazorInteractiveAuto.Client", "BlazorInteractiveAuto\BlazorInteractiveAuto.Client\BlazorInteractiveAuto.Client.csproj", "{804EEA67-C468-4E2B-8A7D-56A7D0EF5572}"
EndProject
Global
	GlobalSection(SolutionConfigurationPlatforms) = preSolution
		Debug|Any CPU = Debug|Any CPU
		Release|Any CPU = Release|Any CPU
	EndGlobalSection
	GlobalSection(ProjectConfigurationPlatforms) = postSolution
		{12A91160-41BF-4997-BD08-0544382A216E}.Debug|Any CPU.ActiveCfg = Debug|Any CPU
		{12A91160-41BF-4997-BD08-0544382A216E}.Debug|Any CPU.Build.0 = Debug|Any CPU
		{12A91160-41BF-4997-BD08-0544382A216E}.Release|Any CPU.ActiveCfg = Release|Any CPU
		{12A91160-41BF-4997-BD08-0544382A216E}.Release|Any CPU.Build.0 = Release|Any CPU
		{804EEA67-C468-4E2B-8A7D-56A7D0EF5572}.Debug|Any CPU.ActiveCfg = Debug|Any CPU
		{804EEA67-C468-4E2B-8A7D-56A7D0EF5572}.Debug|Any CPU.Build.0 = Debug|Any CPU
		{804EEA67-C468-4E2B-8A7D-56A7D0EF5572}.Release|Any CPU.ActiveCfg = Release|Any CPU
		{804EEA67-C468-4E2B-8A7D-56A7D0EF5572}.Release|Any CPU.Build.0 = Release|Any CPU
	EndGlobalSection
	GlobalSection(SolutionProperties) = preSolution
		HideSolutionNode = FALSE
	EndGlobalSection
	GlobalSection(ExtensibilityGlobals) = postSolution
		SolutionGuid = {84F94D61-F805-471A-BB09-16D7B63F2106}
	EndGlobalSection
EndGlobal
